
Microsoft Visual Studio Solution File, Format Version 12.00
# Visual Studio Version 17
VisualStudioVersion = 17.5.33414.496
MinimumVisualStudioVersion = 10.0.40219.1
Project("{FAE04EC0-301F-11D3-BF4B-00C04F79EFBC}") = "TP_MOD9_1302210125", "TP_MOD9_1302210125\TP_MOD9_1302210125.csproj", "{08AFEDC3-06D5-485F-A8EF-6BF7F104F9B6}"
EndProject
Global
	GlobalSection(SolutionConfigurationPlatforms) = preSolution
		Debug|Any CPU = Debug|Any CPU
		Release|Any CPU = Release|Any CPU
	EndGlobalSection
	GlobalSection(ProjectConfigurationPlatforms) = postSolution
		{08AFEDC3-06D5-485F-A8EF-6BF7F104F9B6}.Debug|Any CPU.ActiveCfg = Debug|Any CPU
		{08AFEDC3-06D5-485F-A8EF-6BF7F104F9B6}.Debug|Any CPU.Build.0 = Debug|Any CPU
		{08AFEDC3-06D5-485F-A8EF-6BF7F104F9B6}.Release|Any CPU.ActiveCfg = Release|Any CPU
		{08AFEDC3-06D5-485F-A8EF-6BF7F104F9B6}.Release|Any CPU.Build.0 = Release|Any CPU
	EndGlobalSection
	GlobalSection(SolutionProperties) = preSolution
		HideSolutionNode = FALSE
	EndGlobalSection
	GlobalSection(ExtensibilityGlobals) = postSolution
		SolutionGuid = {39A7EE60-2ABF-432B-AB90-02DF652DF1D8}
	EndGlobalSection
EndGlobal
